<?xml version="1.0" encoding="utf-8"?>
<Project ToolsVersion="4.0" xmlns="http://schemas.microsoft.com/developer/msbuild/2003">
  <ItemGroup>
    <ApplicationDefinition Include="App.xaml" />
  </ItemGroup>
  <ItemGroup>
    <Page Include="MainWindow.xaml" />
  </ItemGroup>
  <ItemGroup>
    <Midl Include="MainWindow.idl" />
  </ItemGroup>
  <ItemGroup>
    <ClCompile Include="pch.cpp" />
    <ClCompile Include="$(GeneratedFilesDir)module.g.cpp" />
    <ClCompile Include="HelperFunctions.cpp" />
    <ClCompile Include="Globals.cpp" />
    <ClCompile Include="Logger.cpp" />
    <ClCompile Include="AppConfig.cpp" />
    <ClCompile Include="gpsData.cpp" />
    <ClCompile Include="ReportQueue.cpp" />
    <ClCompile Include="parse.cpp" />
    <ClCompile Include="include\nmea\message\gga.cpp" />
    <ClCompile Include="rmc.cpp" />
    <ClCompile Include="sentence.cpp" />
    <ClCompile Include="vtg.cpp" />
    <ClCompile Include="zda.cpp" />
    <ClCompile Include="gll.cpp" />
    <ClCompile Include="AisProcessor.cpp" />
  </ItemGroup>
  <ItemGroup>
    <ClInclude Include="pch.h" />
    <ClInclude Include="resource.h" />
    <ClInclude Include="resource1.h" />
    <ClInclude Include="HelperFunctions.h" />
    <ClInclude Include="Globals.h" />
    <ClInclude Include="Logger.h" />
    <ClInclude Include="AppConfig.h" />
    <ClInclude Include="gpsData.h" />
    <ClInclude Include="Constants.h" />
    <ClInclude Include="framework.h" />
    <ClInclude Include="targetver.h" />
    <ClInclude Include="ReportQueue.h" />
    <ClInclude Include="include\nmea\sentence.hpp" />
    <ClInclude Include="include\nmea\message\rmc.hpp" />
    <ClInclude Include="include\nmea\message\zda.hpp" />
    <ClInclude Include="include\nmea\message\vtg.hpp" />
    <ClInclude Include="include\nmea\field.hpp" />
    <ClInclude Include="observer.h" />
    <ClInclude Include="AisProcessor.h" />
    <ClInclude Include="parse.hpp" />
    <ClInclude Include="version.h" />
  </ItemGroup>
  <ItemGroup>
    <Image Include="Assets\Wide310x150Logo.scale-200.png">
      <Filter>Assets</Filter>
    </Image>
    <Image Include="Assets\StoreLogo.png">
      <Filter>Assets</Filter>
    </Image>
    <Image Include="Assets\Square150x150Logo.scale-200.png">
      <Filter>Assets</Filter>
    </Image>
    <Image Include="Assets\Square44x44Logo.targetsize-24_altform-unplated.png">
      <Filter>Assets</Filter>
    </Image>
    <Image Include="Assets\Square44x44Logo.scale-200.png">
      <Filter>Assets</Filter>
    </Image>
    <Image Include="Assets\SplashScreen.scale-200.png">
      <Filter>Assets</Filter>
    </Image>
    <Image Include="Assets\LockScreenLogo.scale-200.png">
      <Filter>Assets</Filter>
    </Image>
    <Image Include="Assets\shipwheel.ico" />
    <Image Include="Assets\engine.png">
      <Filter>Assets</Filter>
    </Image>
    <Image Include="Assets\sailboat.png">
      <Filter>Assets</Filter>
    </Image>
    <Image Include="Assets\line.png">
      <Filter>Assets</Filter>
    </Image>
    <Image Include="Assets\anchor.png">
      <Filter>Assets</Filter>
    </Image>
    <Image Include="Assets\sail_and_engine_combined.png" />
    <Image Include="Assets\ship_red.svg" />
  </ItemGroup>
  <ItemGroup>
    <Filter Include="Assets">
      <UniqueIdentifier>{9c825880-970b-49ad-84d0-7e6ed9f95b74}</UniqueIdentifier>
    </Filter>
  </ItemGroup>
  <ItemGroup>
    <Text Include="readme.txt" />
  </ItemGroup>
  <ItemGroup>
    <Manifest Include="app.manifest" />
  </ItemGroup>
  <ItemGroup>
    <AppxManifest Include="Package.appxmanifest" />
  </ItemGroup>
  <ItemGroup>
    <None Include="packages.config" />
    <None Include="NMEA Relay NT_TemporaryKey.pfx" />
  </ItemGroup>
  <ItemGroup>
    <Natvis Include="$(MSBuildThisFileDirectory)..\..\natvis\wil.natvis" />
    <Natvis Include="$(MSBuildThisFileDirectory)..\..\natvis\wil.natstepfilter" />
  </ItemGroup>
  <ItemGroup>
    <ResourceCompile Include="NMEA Relay NT.rc" />
    <ResourceCompile Include="AppIcon.rc" />
  </ItemGroup>
</Project>